
Microsoft Visual Studio Solution File, Format Version 12.00
# Visual Studio Version 16
VisualStudioVersion = 16.0.29509.3
MinimumVisualStudioVersion = 10.0.40219.1
Project("{FAE04EC0-301F-11D3-BF4B-00C04F79EFBC}") = "RefTypesValueTypes", "RefTypesValueTypes\RefTypesValueTypes.csproj", "{085761A9-486B-485B-B6F4-63E222386130}"
EndProject
Global
	GlobalSection(SolutionConfigurationPlatforms) = preSolution
		Debug|Any CPU = Debug|Any CPU
		Release|Any CPU = Release|Any CPU
	EndGlobalSection
	GlobalSection(ProjectConfigurationPlatforms) = postSolution
		{085761A9-486B-485B-B6F4-63E222386130}.Debug|Any CPU.ActiveCfg = Debug|Any CPU
		{085761A9-486B-485B-B6F4-63E222386130}.Debug|Any CPU.Build.0 = Debug|Any CPU
		{085761A9-486B-485B-B6F4-63E222386130}.Release|Any CPU.ActiveCfg = Release|Any CPU
		{085761A9-486B-485B-B6F4-63E222386130}.Release|Any CPU.Build.0 = Release|Any CPU
	EndGlobalSection
	GlobalSection(SolutionProperties) = preSolution
		HideSolutionNode = FALSE
	EndGlobalSection
	GlobalSection(ExtensibilityGlobals) = postSolution
		SolutionGuid = {0D882829-C1B2-4027-AE66-024469D07815}
	EndGlobalSection
EndGlobal
