
Microsoft Visual Studio Solution File, Format Version 12.00
# Visual Studio Version 16
VisualStudioVersion = 16.0.30128.74
MinimumVisualStudioVersion = 10.0.40219.1
Project("{FAE04EC0-301F-11D3-BF4B-00C04F79EFBC}") = "Casting", "Casting\Casting.csproj", "{A079649F-1530-42B4-95AD-3279BD36D25C}"
EndProject
Global
	GlobalSection(SolutionConfigurationPlatforms) = preSolution
		Debug|Any CPU = Debug|Any CPU
		Release|Any CPU = Release|Any CPU
	EndGlobalSection
	GlobalSection(ProjectConfigurationPlatforms) = postSolution
		{A079649F-1530-42B4-95AD-3279BD36D25C}.Debug|Any CPU.ActiveCfg = Debug|Any CPU
		{A079649F-1530-42B4-95AD-3279BD36D25C}.Debug|Any CPU.Build.0 = Debug|Any CPU
		{A079649F-1530-42B4-95AD-3279BD36D25C}.Release|Any CPU.ActiveCfg = Release|Any CPU
		{A079649F-1530-42B4-95AD-3279BD36D25C}.Release|Any CPU.Build.0 = Release|Any CPU
	EndGlobalSection
	GlobalSection(SolutionProperties) = preSolution
		HideSolutionNode = FALSE
	EndGlobalSection
	GlobalSection(ExtensibilityGlobals) = postSolution
		SolutionGuid = {2F649C0F-68BD-46D2-B57B-506C01ABA03B}
	EndGlobalSection
EndGlobal
