
Microsoft Visual Studio Solution File, Format Version 12.00
# Visual Studio Version 16
VisualStudioVersion = 16.0.30611.23
MinimumVisualStudioVersion = 10.0.40219.1
Project("{FAE04EC0-301F-11D3-BF4B-00C04F79EFBC}") = "EX 7", "EX 7\EX 7.csproj", "{7964ED4D-EC5C-41D3-90BD-C0C15C3659E5}"
EndProject
Global
	GlobalSection(SolutionConfigurationPlatforms) = preSolution
		Debug|Any CPU = Debug|Any CPU
		Release|Any CPU = Release|Any CPU
	EndGlobalSection
	GlobalSection(ProjectConfigurationPlatforms) = postSolution
		{7964ED4D-EC5C-41D3-90BD-C0C15C3659E5}.Debug|Any CPU.ActiveCfg = Debug|Any CPU
		{7964ED4D-EC5C-41D3-90BD-C0C15C3659E5}.Debug|Any CPU.Build.0 = Debug|Any CPU
		{7964ED4D-EC5C-41D3-90BD-C0C15C3659E5}.Release|Any CPU.ActiveCfg = Release|Any CPU
		{7964ED4D-EC5C-41D3-90BD-C0C15C3659E5}.Release|Any CPU.Build.0 = Release|Any CPU
	EndGlobalSection
	GlobalSection(SolutionProperties) = preSolution
		HideSolutionNode = FALSE
	EndGlobalSection
	GlobalSection(ExtensibilityGlobals) = postSolution
		SolutionGuid = {6AA3A42F-C983-42A3-A9A6-0252C58C4F41}
	EndGlobalSection
EndGlobal
