
Microsoft Visual Studio Solution File, Format Version 12.00
# Visual Studio 14
VisualStudioVersion = 14.0.25123.0
MinimumVisualStudioVersion = 10.0.40219.1
Project("{FAE04EC0-301F-11D3-BF4B-00C04F79EFBC}") = "MathsPortfolio2", "MathsPortfolio2\MathsPortfolio2.csproj", "{B122C100-149A-47D9-8110-1937F6722DF3}"
EndProject
Global
	GlobalSection(SolutionConfigurationPlatforms) = preSolution
		Debug|Any CPU = Debug|Any CPU
		Release|Any CPU = Release|Any CPU
	EndGlobalSection
	GlobalSection(ProjectConfigurationPlatforms) = postSolution
		{B122C100-149A-47D9-8110-1937F6722DF3}.Debug|Any CPU.ActiveCfg = Debug|Any CPU
		{B122C100-149A-47D9-8110-1937F6722DF3}.Debug|Any CPU.Build.0 = Debug|Any CPU
		{B122C100-149A-47D9-8110-1937F6722DF3}.Release|Any CPU.ActiveCfg = Release|Any CPU
		{B122C100-149A-47D9-8110-1937F6722DF3}.Release|Any CPU.Build.0 = Release|Any CPU
	EndGlobalSection
	GlobalSection(SolutionProperties) = preSolution
		HideSolutionNode = FALSE
	EndGlobalSection
EndGlobal
