
Microsoft Visual Studio Solution File, Format Version 12.00
# Visual Studio Version 16
VisualStudioVersion = 16.0.30406.217
MinimumVisualStudioVersion = 10.0.40219.1
Project("{FAE04EC0-301F-11D3-BF4B-00C04F79EFBC}") = "LambdaExpressions2", "LambdaExpressions2\LambdaExpressions2.csproj", "{331206AA-7FBC-4481-99E4-D0C6ED3DCBCC}"
EndProject
Global
	GlobalSection(SolutionConfigurationPlatforms) = preSolution
		Debug|Any CPU = Debug|Any CPU
		Release|Any CPU = Release|Any CPU
	EndGlobalSection
	GlobalSection(ProjectConfigurationPlatforms) = postSolution
		{331206AA-7FBC-4481-99E4-D0C6ED3DCBCC}.Debug|Any CPU.ActiveCfg = Debug|Any CPU
		{331206AA-7FBC-4481-99E4-D0C6ED3DCBCC}.Debug|Any CPU.Build.0 = Debug|Any CPU
		{331206AA-7FBC-4481-99E4-D0C6ED3DCBCC}.Release|Any CPU.ActiveCfg = Release|Any CPU
		{331206AA-7FBC-4481-99E4-D0C6ED3DCBCC}.Release|Any CPU.Build.0 = Release|Any CPU
	EndGlobalSection
	GlobalSection(SolutionProperties) = preSolution
		HideSolutionNode = FALSE
	EndGlobalSection
	GlobalSection(ExtensibilityGlobals) = postSolution
		SolutionGuid = {C1BF6A18-43FE-40A8-9FB8-3457DC5E41AF}
	EndGlobalSection
EndGlobal
