
Microsoft Visual Studio Solution File, Format Version 12.00
# Visual Studio Version 16
VisualStudioVersion = 16.0.30406.217
MinimumVisualStudioVersion = 10.0.40219.1
Project("{FAE04EC0-301F-11D3-BF4B-00C04F79EFBC}") = "Delegates", "Delegates\Delegates.csproj", "{E25EA40B-554E-4E4C-8F0C-3FFC7CC6F222}"
EndProject
Global
	GlobalSection(SolutionConfigurationPlatforms) = preSolution
		Debug|Any CPU = Debug|Any CPU
		Release|Any CPU = Release|Any CPU
	EndGlobalSection
	GlobalSection(ProjectConfigurationPlatforms) = postSolution
		{E25EA40B-554E-4E4C-8F0C-3FFC7CC6F222}.Debug|Any CPU.ActiveCfg = Debug|Any CPU
		{E25EA40B-554E-4E4C-8F0C-3FFC7CC6F222}.Debug|Any CPU.Build.0 = Debug|Any CPU
		{E25EA40B-554E-4E4C-8F0C-3FFC7CC6F222}.Release|Any CPU.ActiveCfg = Release|Any CPU
		{E25EA40B-554E-4E4C-8F0C-3FFC7CC6F222}.Release|Any CPU.Build.0 = Release|Any CPU
	EndGlobalSection
	GlobalSection(SolutionProperties) = preSolution
		HideSolutionNode = FALSE
	EndGlobalSection
	GlobalSection(ExtensibilityGlobals) = postSolution
		SolutionGuid = {845E65A8-3E37-487A-ADAE-655A520314F9}
	EndGlobalSection
EndGlobal
