
Microsoft Visual Studio Solution File, Format Version 12.00
# Visual Studio Version 16
VisualStudioVersion = 16.0.30011.22
MinimumVisualStudioVersion = 10.0.40219.1
Project("{FAE04EC0-301F-11D3-BF4B-00C04F79EFBC}") = "CSharpPaths", "CSharpPaths\CSharpPaths.csproj", "{E467CD2E-49DF-4C92-B429-07598085ECE2}"
EndProject
Global
	GlobalSection(SolutionConfigurationPlatforms) = preSolution
		Debug|Any CPU = Debug|Any CPU
		Release|Any CPU = Release|Any CPU
	EndGlobalSection
	GlobalSection(ProjectConfigurationPlatforms) = postSolution
		{E467CD2E-49DF-4C92-B429-07598085ECE2}.Debug|Any CPU.ActiveCfg = Debug|Any CPU
		{E467CD2E-49DF-4C92-B429-07598085ECE2}.Debug|Any CPU.Build.0 = Debug|Any CPU
		{E467CD2E-49DF-4C92-B429-07598085ECE2}.Release|Any CPU.ActiveCfg = Release|Any CPU
		{E467CD2E-49DF-4C92-B429-07598085ECE2}.Release|Any CPU.Build.0 = Release|Any CPU
	EndGlobalSection
	GlobalSection(SolutionProperties) = preSolution
		HideSolutionNode = FALSE
	EndGlobalSection
	GlobalSection(ExtensibilityGlobals) = postSolution
		SolutionGuid = {D58C20BC-24C9-47F3-9ED3-EE30FB036A50}
	EndGlobalSection
EndGlobal
