
Microsoft Visual Studio Solution File, Format Version 12.00
# Visual Studio Version 16
VisualStudioVersion = 16.0.30413.136
MinimumVisualStudioVersion = 10.0.40219.1
Project("{FAE04EC0-301F-11D3-BF4B-00C04F79EFBC}") = "Linq", "Linq\Linq.csproj", "{72A1EDDD-E85F-4351-ACCA-715B7121C57E}"
EndProject
Global
	GlobalSection(SolutionConfigurationPlatforms) = preSolution
		Debug|Any CPU = Debug|Any CPU
		Release|Any CPU = Release|Any CPU
	EndGlobalSection
	GlobalSection(ProjectConfigurationPlatforms) = postSolution
		{72A1EDDD-E85F-4351-ACCA-715B7121C57E}.Debug|Any CPU.ActiveCfg = Debug|Any CPU
		{72A1EDDD-E85F-4351-ACCA-715B7121C57E}.Debug|Any CPU.Build.0 = Debug|Any CPU
		{72A1EDDD-E85F-4351-ACCA-715B7121C57E}.Release|Any CPU.ActiveCfg = Release|Any CPU
		{72A1EDDD-E85F-4351-ACCA-715B7121C57E}.Release|Any CPU.Build.0 = Release|Any CPU
	EndGlobalSection
	GlobalSection(SolutionProperties) = preSolution
		HideSolutionNode = FALSE
	EndGlobalSection
	GlobalSection(ExtensibilityGlobals) = postSolution
		SolutionGuid = {0C9916D1-54D5-4960-825C-5664E338C2DE}
	EndGlobalSection
EndGlobal
