
Microsoft Visual Studio Solution File, Format Version 12.00
# Visual Studio Version 16
VisualStudioVersion = 16.0.29911.84
MinimumVisualStudioVersion = 10.0.40219.1
Project("{FAE04EC0-301F-11D3-BF4B-00C04F79EFBC}") = "WhileLoopEcho", "WhileLoopEcho\WhileLoopEcho.csproj", "{6FCF141C-E1C9-4434-A3F9-3BAD666E0980}"
EndProject
Global
	GlobalSection(SolutionConfigurationPlatforms) = preSolution
		Debug|Any CPU = Debug|Any CPU
		Release|Any CPU = Release|Any CPU
	EndGlobalSection
	GlobalSection(ProjectConfigurationPlatforms) = postSolution
		{6FCF141C-E1C9-4434-A3F9-3BAD666E0980}.Debug|Any CPU.ActiveCfg = Debug|Any CPU
		{6FCF141C-E1C9-4434-A3F9-3BAD666E0980}.Debug|Any CPU.Build.0 = Debug|Any CPU
		{6FCF141C-E1C9-4434-A3F9-3BAD666E0980}.Release|Any CPU.ActiveCfg = Release|Any CPU
		{6FCF141C-E1C9-4434-A3F9-3BAD666E0980}.Release|Any CPU.Build.0 = Release|Any CPU
	EndGlobalSection
	GlobalSection(SolutionProperties) = preSolution
		HideSolutionNode = FALSE
	EndGlobalSection
	GlobalSection(ExtensibilityGlobals) = postSolution
		SolutionGuid = {5288CFE6-5AF6-412E-BE90-83C56C7CB11A}
	EndGlobalSection
EndGlobal
