
Microsoft Visual Studio Solution File, Format Version 12.00
# Visual Studio Version 16
VisualStudioVersion = 16.0.29509.3
MinimumVisualStudioVersion = 10.0.40219.1
Project("{FAE04EC0-301F-11D3-BF4B-00C04F79EFBC}") = "Validation", "Validation\Validation.csproj", "{E64A86EC-CF3A-4593-A4CE-1860E66FA83F}"
EndProject
Global
	GlobalSection(SolutionConfigurationPlatforms) = preSolution
		Debug|Any CPU = Debug|Any CPU
		Release|Any CPU = Release|Any CPU
	EndGlobalSection
	GlobalSection(ProjectConfigurationPlatforms) = postSolution
		{E64A86EC-CF3A-4593-A4CE-1860E66FA83F}.Debug|Any CPU.ActiveCfg = Debug|Any CPU
		{E64A86EC-CF3A-4593-A4CE-1860E66FA83F}.Debug|Any CPU.Build.0 = Debug|Any CPU
		{E64A86EC-CF3A-4593-A4CE-1860E66FA83F}.Release|Any CPU.ActiveCfg = Release|Any CPU
		{E64A86EC-CF3A-4593-A4CE-1860E66FA83F}.Release|Any CPU.Build.0 = Release|Any CPU
	EndGlobalSection
	GlobalSection(SolutionProperties) = preSolution
		HideSolutionNode = FALSE
	EndGlobalSection
	GlobalSection(ExtensibilityGlobals) = postSolution
		SolutionGuid = {E52605A2-1A8F-4BD9-946B-D3386DF131A5}
	EndGlobalSection
EndGlobal
