
Microsoft Visual Studio Solution File, Format Version 12.00
# Visual Studio Version 16
VisualStudioVersion = 16.0.30413.136
MinimumVisualStudioVersion = 10.0.40219.1
Project("{FAE04EC0-301F-11D3-BF4B-00C04F79EFBC}") = "Dynamics", "Dynamics\Dynamics.csproj", "{A9FBBCC2-2599-4618-9D47-BD5B6999AE24}"
EndProject
Global
	GlobalSection(SolutionConfigurationPlatforms) = preSolution
		Debug|Any CPU = Debug|Any CPU
		Release|Any CPU = Release|Any CPU
	EndGlobalSection
	GlobalSection(ProjectConfigurationPlatforms) = postSolution
		{A9FBBCC2-2599-4618-9D47-BD5B6999AE24}.Debug|Any CPU.ActiveCfg = Debug|Any CPU
		{A9FBBCC2-2599-4618-9D47-BD5B6999AE24}.Debug|Any CPU.Build.0 = Debug|Any CPU
		{A9FBBCC2-2599-4618-9D47-BD5B6999AE24}.Release|Any CPU.ActiveCfg = Release|Any CPU
		{A9FBBCC2-2599-4618-9D47-BD5B6999AE24}.Release|Any CPU.Build.0 = Release|Any CPU
	EndGlobalSection
	GlobalSection(SolutionProperties) = preSolution
		HideSolutionNode = FALSE
	EndGlobalSection
	GlobalSection(ExtensibilityGlobals) = postSolution
		SolutionGuid = {EF94E140-29D1-4265-9D03-7D1149D3835F}
	EndGlobalSection
EndGlobal
