
Microsoft Visual Studio Solution File, Format Version 12.00
# Visual Studio Version 16
VisualStudioVersion = 16.0.30011.22
MinimumVisualStudioVersion = 10.0.40219.1
Project("{FAE04EC0-301F-11D3-BF4B-00C04F79EFBC}") = "Breakaway", "Breakaway\Breakaway.csproj", "{98A6EB1A-B65F-4730-8B55-B5E65760618D}"
EndProject
Global
	GlobalSection(SolutionConfigurationPlatforms) = preSolution
		Debug|Any CPU = Debug|Any CPU
		Release|Any CPU = Release|Any CPU
	EndGlobalSection
	GlobalSection(ProjectConfigurationPlatforms) = postSolution
		{98A6EB1A-B65F-4730-8B55-B5E65760618D}.Debug|Any CPU.ActiveCfg = Debug|Any CPU
		{98A6EB1A-B65F-4730-8B55-B5E65760618D}.Debug|Any CPU.Build.0 = Debug|Any CPU
		{98A6EB1A-B65F-4730-8B55-B5E65760618D}.Release|Any CPU.ActiveCfg = Release|Any CPU
		{98A6EB1A-B65F-4730-8B55-B5E65760618D}.Release|Any CPU.Build.0 = Release|Any CPU
	EndGlobalSection
	GlobalSection(SolutionProperties) = preSolution
		HideSolutionNode = FALSE
	EndGlobalSection
	GlobalSection(ExtensibilityGlobals) = postSolution
		SolutionGuid = {5DDFDA86-5106-4F1D-B2E1-2ECB16C6CBBE}
	EndGlobalSection
EndGlobal
